
Microsoft Visual Studio Solution File, Format Version 12.00
# Visual Studio Version 16
VisualStudioVersion = 16.0.28803.352
MinimumVisualStudioVersion = 10.0.40219.1
Project("{FAE04EC0-301F-11D3-BF4B-00C04F79EFBC}") = "Assignment4", "Assignment4\Assignment4.csproj", "{28A51289-6869-447F-A3BB-0C43C02A180A}"
EndProject
Global
	GlobalSection(SolutionConfigurationPlatforms) = preSolution
		Debug|Any CPU = Debug|Any CPU
		Release|Any CPU = Release|Any CPU
	EndGlobalSection
	GlobalSection(ProjectConfigurationPlatforms) = postSolution
		{28A51289-6869-447F-A3BB-0C43C02A180A}.Debug|Any CPU.ActiveCfg = Debug|Any CPU
		{28A51289-6869-447F-A3BB-0C43C02A180A}.Debug|Any CPU.Build.0 = Debug|Any CPU
		{28A51289-6869-447F-A3BB-0C43C02A180A}.Release|Any CPU.ActiveCfg = Release|Any CPU
		{28A51289-6869-447F-A3BB-0C43C02A180A}.Release|Any CPU.Build.0 = Release|Any CPU
	EndGlobalSection
	GlobalSection(SolutionProperties) = preSolution
		HideSolutionNode = FALSE
	EndGlobalSection
	GlobalSection(ExtensibilityGlobals) = postSolution
		SolutionGuid = {633DF2F9-3E51-4E91-8B55-CDE8F4DFAE5B}
	EndGlobalSection
EndGlobal
